PODS:
  - ApiAI (0.7.2):
    - ApiAI/AudioFileConverter (= 0.7.2)
    - ApiAI/Core (= 0.7.2)
    - ApiAI/Events (= 0.7.2)
    - ApiAI/ResponseMapping (= 0.7.2)
    - ApiAI/UIKit (= 0.7.2)
    - ApiAI/UserEntities (= 0.7.2)
    - ApiAI/VoiceFileRequest (= 0.7.2)
    - ApiAI/VoiceRequest (= 0.7.2)
  - ApiAI/AudioFileConverter (0.7.2):
    - ApiAI/Core
  - ApiAI/Core (0.7.2)
  - ApiAI/Events (0.7.2):
    - ApiAI/Core
  - ApiAI/ResponseMapping (0.7.2):
    - ApiAI/Core
  - ApiAI/UIKit (0.7.2):
    - ApiAI/Core
    - ApiAI/VoiceRequest
  - ApiAI/UserEntities (0.7.2):
    - ApiAI/Core
  - ApiAI/VoiceFileRequest (0.7.2):
    - ApiAI/Core
  - ApiAI/VoiceRequest (0.7.2):
    - ApiAI/Core
  - TLIndexPathTools (0.4.4)

DEPENDENCIES:
  - ApiAI
  - TLIndexPathTools

SPEC REPOS:
  https://github.com/cocoapods/specs.git:
    - ApiAI
    - TLIndexPathTools

SPEC CHECKSUMS:
  ApiAI: d4b49d3736f33ce6f3ef66dc33c0e0fccb23579e
  TLIndexPathTools: 956bf0686bcd5e7dc8e2c408d28e7a312ec268a1

PODFILE CHECKSUM: 1a45e58f54c161c6923673c4c3471d9a9adee6d8

COCOAPODS: 1.5.3
